// !$*UTF8*$!
{
	archiveVersion = 1;
	classes = {
	};
	objectVersion = 56;
	objects = {

/* Begin PBXBuildFile section */
		47098CC72A4F0C6B00A2BDED /* YouTubeiOSPlayerHelper in Frameworks */ = {isa = PBXBuildFile; productRef = 47098CC62A4F0C6B00A2BDED /* YouTubeiOSPlayerHelper */; };
		471006122A3A111800462C79 /* MovieModel.swift in Sources */ = {isa = PBXBuildFile; fileRef = 471006112A3A111800462C79 /* MovieModel.swift */; };
		471006152A3B4BD600462C79 /* NetworkManager.swift in Sources */ = {isa = PBXBuildFile; fileRef = 471006142A3B4BD600462C79 /* NetworkManager.swift */; };
		471006182A3CA24400462C79 /* DatailsViewController.swift in Sources */ = {isa = PBXBuildFile; fileRef = 471006172A3CA24400462C79 /* DatailsViewController.swift */; };
		4712FD8E2A37215F00FD0B12 /* AppDelegate.swift in Sources */ = {isa = PBXBuildFile; fileRef = 4712FD8D2A37215F00FD0B12 /* AppDelegate.swift */; };
		4712FD902A37215F00FD0B12 /* SceneDelegate.swift in Sources */ = {isa = PBXBuildFile; fileRef = 4712FD8F2A37215F00FD0B12 /* SceneDelegate.swift */; };
		4712FD922A37215F00FD0B12 /* HomeViewController.swift in Sources */ = {isa = PBXBuildFile; fileRef = 4712FD912A37215F00FD0B12 /* HomeViewController.swift */; };
		4712FD952A37215F00FD0B12 /* Main.storyboard in Resources */ = {isa = PBXBuildFile; fileRef = 4712FD932A37215F00FD0B12 /* Main.storyboard */; };
		4712FD972A37216100FD0B12 /* Assets.xcassets in Resources */ = {isa = PBXBuildFile; fileRef = 4712FD962A37216100FD0B12 /* Assets.xcassets */; };
		4712FD9A2A37216100FD0B12 /* LaunchScreen.storyboard in Resources */ = {isa = PBXBuildFile; fileRef = 4712FD982A37216100FD0B12 /* LaunchScreen.storyboard */; };
		471435E22A41D5E00006EE78 /* FavoritTableViewCell.swift in Sources */ = {isa = PBXBuildFile; fileRef = 471435E12A41D5E00006EE78 /* FavoritTableViewCell.swift */; };
		47777BD62A388156002A6AE9 /* FavoritsViewController.swift in Sources */ = {isa = PBXBuildFile; fileRef = 47777BD52A388156002A6AE9 /* FavoritsViewController.swift */; };
		47777BDD2A39B618002A6AE9 /* MovieCollectionViewCell.swift in Sources */ = {isa = PBXBuildFile; fileRef = 47777BDC2A39B618002A6AE9 /* MovieCollectionViewCell.swift */; };
		47FD56B42A498B400051F18C /* SearchViewController.swift in Sources */ = {isa = PBXBuildFile; fileRef = 47FD56B32A498B400051F18C /* SearchViewController.swift */; };
		47FD56B62A4B026A0051F18C /* HeaderReusableView.swift in Sources */ = {isa = PBXBuildFile; fileRef = 47FD56B52A4B026A0051F18C /* HeaderReusableView.swift */; };
		47FD56B92A4C0D640051F18C /* UserDefaultsManager.swift in Sources */ = {isa = PBXBuildFile; fileRef = 47FD56B82A4C0D640051F18C /* UserDefaultsManager.swift */; };
		47FD56BE2A4E2E180051F18C /* SearchTableViewCell.swift in Sources */ = {isa = PBXBuildFile; fileRef = 47FD56BD2A4E2E180051F18C /* SearchTableViewCell.swift */; };
/* End PBXBuildFile section */

/* Begin PBXFileReference section */
		471006112A3A111800462C79 /* MovieModel.swift */ = {isa = PBXFileReference; lastKnownFileType = sourcecode.swift; path = MovieModel.swift; sourceTree = "<group>"; };
		471006142A3B4BD600462C79 /* NetworkManager.swift */ = {isa = PBXFileReference; lastKnownFileType = sourcecode.swift; path = NetworkManager.swift; sourceTree = "<group>"; };
		471006172A3CA24400462C79 /* DatailsViewController.swift */ = {isa = PBXFileReference; lastKnownFileType = sourcecode.swift; path = DatailsViewController.swift; sourceTree = "<group>"; };
		4712FD8A2A37215F00FD0B12 /* WaveOfMovies.app */ = {isa = PBXFileReference; explicitFileType = wrapper.application; includeInIndex = 0; path = WaveOfMovies.app; sourceTree = BUILT_PRODUCTS_DIR; };
		4712FD8D2A37215F00FD0B12 /* AppDelegate.swift */ = {isa = PBXFileReference; lastKnownFileType = sourcecode.swift; path = AppDelegate.swift; sourceTree = "<group>"; };
		4712FD8F2A37215F00FD0B12 /* SceneDelegate.swift */ = {isa = PBXFileReference; lastKnownFileType = sourcecode.swift; path = SceneDelegate.swift; sourceTree = "<group>"; };
		4712FD912A37215F00FD0B12 /* HomeViewController.swift */ = {isa = PBXFileReference; lastKnownFileType = sourcecode.swift; path = HomeViewController.swift; sourceTree = "<group>"; };
		4712FD942A37215F00FD0B12 /* Base */ = {isa = PBXFileReference; lastKnownFileType = file.storyboard; name = Base; path = Base.lproj/Main.storyboard; sourceTree = "<group>"; };
		4712FD962A37216100FD0B12 /* Assets.xcassets */ = {isa = PBXFileReference; lastKnownFileType = folder.assetcatalog; path = Assets.xcassets; sourceTree = "<group>"; };
		4712FD992A37216100FD0B12 /* Base */ = {isa = PBXFileReference; lastKnownFileType = file.storyboard; name = Base; path = Base.lproj/LaunchScreen.storyboard; sourceTree = "<group>"; };
		4712FD9B2A37216100FD0B12 /* Info.plist */ = {isa = PBXFileReference; lastKnownFileType = text.plist.xml; path = Info.plist; sourceTree = "<group>"; };
		471435E12A41D5E00006EE78 /* FavoritTableViewCell.swift */ = {isa = PBXFileReference; lastKnownFileType = sourcecode.swift; path = FavoritTableViewCell.swift; sourceTree = "<group>"; };
		47777BD52A388156002A6AE9 /* FavoritsViewController.swift */ = {isa = PBXFileReference; lastKnownFileType = sourcecode.swift; path = FavoritsViewController.swift; sourceTree = "<group>"; };
		47777BDC2A39B618002A6AE9 /* MovieCollectionViewCell.swift */ = {isa = PBXFileReference; lastKnownFileType = sourcecode.swift; path = MovieCollectionViewCell.swift; sourceTree = "<group>"; };
		47FD56B32A498B400051F18C /* SearchViewController.swift */ = {isa = PBXFileReference; lastKnownFileType = sourcecode.swift; path = SearchViewController.swift; sourceTree = "<group>"; };
		47FD56B52A4B026A0051F18C /* HeaderReusableView.swift */ = {isa = PBXFileReference; lastKnownFileType = sourcecode.swift; path = HeaderReusableView.swift; sourceTree = "<group>"; };
		47FD56B82A4C0D640051F18C /* UserDefaultsManager.swift */ = {isa = PBXFileReference; lastKnownFileType = sourcecode.swift; path = UserDefaultsManager.swift; sourceTree = "<group>"; };
		47FD56BD2A4E2E180051F18C /* SearchTableViewCell.swift */ = {isa = PBXFileReference; lastKnownFileType = sourcecode.swift; path = SearchTableViewCell.swift; sourceTree = "<group>"; };
/* End PBXFileReference section */

/* Begin PBXFrameworksBuildPhase section */
		4712FD872A37215F00FD0B12 /* Frameworks */ = {
			isa = PBXFrameworksBuildPhase;
			buildActionMask = 2147483647;
			files = (
				47098CC72A4F0C6B00A2BDED /* YouTubeiOSPlayerHelper in Frameworks */,
			);
			runOnlyForDeploymentPostprocessing = 0;
		};
/* End PBXFrameworksBuildPhase section */

/* Begin PBXGroup section */
		471006132A3B4B9F00462C79 /* NetworkManager */ = {
			isa = PBXGroup;
			children = (
				471006142A3B4BD600462C79 /* NetworkManager.swift */,
			);
			path = NetworkManager;
			sourceTree = "<group>";
		};
		471006162A3B51B000462C79 /* Cells */ = {
			isa = PBXGroup;
			children = (
				47777BDC2A39B618002A6AE9 /* MovieCollectionViewCell.swift */,
				47FD56BD2A4E2E180051F18C /* SearchTableViewCell.swift */,
			);
			path = Cells;
			sourceTree = "<group>";
		};
		4712FD812A37215F00FD0B12 = {
			isa = PBXGroup;
			children = (
				4712FD8C2A37215F00FD0B12 /* WaveOfMovies */,
				4712FD8B2A37215F00FD0B12 /* Products */,
			);
			sourceTree = "<group>";
		};
		4712FD8B2A37215F00FD0B12 /* Products */ = {
			isa = PBXGroup;
			children = (
				4712FD8A2A37215F00FD0B12 /* WaveOfMovies.app */,
			);
			name = Products;
			sourceTree = "<group>";
		};
		4712FD8C2A37215F00FD0B12 /* WaveOfMovies */ = {
			isa = PBXGroup;
			children = (
				47FD56B72A4C0D3B0051F18C /* CachingManagers */,
				471006132A3B4B9F00462C79 /* NetworkManager */,
				47777BDE2A39CDB2002A6AE9 /* Models */,
				47777BD42A3880FF002A6AE9 /* Controllers */,
				4712FD8D2A37215F00FD0B12 /* AppDelegate.swift */,
				4712FD8F2A37215F00FD0B12 /* SceneDelegate.swift */,
				4712FD932A37215F00FD0B12 /* Main.storyboard */,
				4712FD962A37216100FD0B12 /* Assets.xcassets */,
				4712FD982A37216100FD0B12 /* LaunchScreen.storyboard */,
				4712FD9B2A37216100FD0B12 /* Info.plist */,
			);
			path = WaveOfMovies;
			sourceTree = "<group>";
		};
		471435DE2A41D5210006EE78 /* FavoritController */ = {
			isa = PBXGroup;
			children = (
				47777BD52A388156002A6AE9 /* FavoritsViewController.swift */,
				471435E02A41D5950006EE78 /* Cells */,
			);
			path = FavoritController;
			sourceTree = "<group>";
		};
		471435E02A41D5950006EE78 /* Cells */ = {
			isa = PBXGroup;
			children = (
				471435E12A41D5E00006EE78 /* FavoritTableViewCell.swift */,
			);
			path = Cells;
			sourceTree = "<group>";
		};
		47777BD42A3880FF002A6AE9 /* Controllers */ = {
			isa = PBXGroup;
			children = (
				47777BD92A398BCA002A6AE9 /* HomeControllers */,
				471435DE2A41D5210006EE78 /* FavoritController */,
			);
			path = Controllers;
			sourceTree = "<group>";
		};
		47777BD92A398BCA002A6AE9 /* HomeControllers */ = {
			isa = PBXGroup;
			children = (
				4712FD912A37215F00FD0B12 /* HomeViewController.swift */,
				471006172A3CA24400462C79 /* DatailsViewController.swift */,
				47FD56B32A498B400051F18C /* SearchViewController.swift */,
				47FD56B52A4B026A0051F18C /* HeaderReusableView.swift */,
				471006162A3B51B000462C79 /* Cells */,
			);
			path = HomeControllers;
			sourceTree = "<group>";
		};
		47777BDE2A39CDB2002A6AE9 /* Models */ = {
			isa = PBXGroup;
			children = (
				471006112A3A111800462C79 /* MovieModel.swift */,
			);
			path = Models;
			sourceTree = "<group>";
		};
		47FD56B72A4C0D3B0051F18C /* CachingManagers */ = {
			isa = PBXGroup;
			children = (
				47FD56B82A4C0D640051F18C /* UserDefaultsManager.swift */,
			);
			path = CachingManagers;
			sourceTree = "<group>";
		};
/* End PBXGroup section */

/* Begin PBXNativeTarget section */
		4712FD892A37215F00FD0B12 /* WaveOfMovies */ = {
			isa = PBXNativeTarget;
			buildConfigurationList = 4712FD9E2A37216100FD0B12 /* Build configuration list for PBXNativeTarget "WaveOfMovies" */;
			buildPhases = (
				4712FD862A37215F00FD0B12 /* Sources */,
				4712FD872A37215F00FD0B12 /* Frameworks */,
				4712FD882A37215F00FD0B12 /* Resources */,
			);
			buildRules = (
			);
			dependencies = (
			);
			name = WaveOfMovies;
			packageProductDependencies = (
				47098CC62A4F0C6B00A2BDED /* YouTubeiOSPlayerHelper */,
			);
			productName = WaveOfMovies;
			productReference = 4712FD8A2A37215F00FD0B12 /* WaveOfMovies.app */;
			productType = "com.apple.product-type.application";
		};
/* End PBXNativeTarget section */

/* Begin PBXProject section */
		4712FD822A37215F00FD0B12 /* Project object */ = {
			isa = PBXProject;
			attributes = {
				BuildIndependentTargetsInParallel = 1;
				LastSwiftUpdateCheck = 1410;
				LastUpgradeCheck = 1410;
				TargetAttributes = {
					4712FD892A37215F00FD0B12 = {
						CreatedOnToolsVersion = 14.1;
					};
				};
			};
			buildConfigurationList = 4712FD852A37215F00FD0B12 /* Build configuration list for PBXProject "WaveOfMovies" */;
			compatibilityVersion = "Xcode 14.0";
			developmentRegion = en;
			hasScannedForEncodings = 0;
			knownRegions = (
				en,
				Base,
			);
			mainGroup = 4712FD812A37215F00FD0B12;
			packageReferences = (
				47098CC52A4F0C6B00A2BDED /* XCRemoteSwiftPackageReference "youtube-ios-player-helper" */,
			);
			productRefGroup = 4712FD8B2A37215F00FD0B12 /* Products */;
			projectDirPath = "";
			projectRoot = "";
			targets = (
				4712FD892A37215F00FD0B12 /* WaveOfMovies */,
			);
		};
/* End PBXProject section */

/* Begin PBXResourcesBuildPhase section */
		4712FD882A37215F00FD0B12 /* Resources */ = {
			isa = PBXResourcesBuildPhase;
			buildActionMask = 2147483647;
			files = (
				4712FD9A2A37216100FD0B12 /* LaunchScreen.storyboard in Resources */,
				4712FD972A37216100FD0B12 /* Assets.xcassets in Resources */,
				4712FD952A37215F00FD0B12 /* Main.storyboard in Resources */,
			);
			runOnlyForDeploymentPostprocessing = 0;
		};
/* End PBXResourcesBuildPhase section */

/* Begin PBXSourcesBuildPhase section */
		4712FD862A37215F00FD0B12 /* Sources */ = {
			isa = PBXSourcesBuildPhase;
			buildActionMask = 2147483647;
			files = (
				47777BD62A388156002A6AE9 /* FavoritsViewController.swift in Sources */,
				4712FD922A37215F00FD0B12 /* HomeViewController.swift in Sources */,
				471006122A3A111800462C79 /* MovieModel.swift in Sources */,
				47777BDD2A39B618002A6AE9 /* MovieCollectionViewCell.swift in Sources */,
				47FD56B62A4B026A0051F18C /* HeaderReusableView.swift in Sources */,
				47FD56B92A4C0D640051F18C /* UserDefaultsManager.swift in Sources */,
				471435E22A41D5E00006EE78 /* FavoritTableViewCell.swift in Sources */,
				47FD56BE2A4E2E180051F18C /* SearchTableViewCell.swift in Sources */,
				47FD56B42A498B400051F18C /* SearchViewController.swift in Sources */,
				471006182A3CA24400462C79 /* DatailsViewController.swift in Sources */,
				4712FD8E2A37215F00FD0B12 /* AppDelegate.swift in Sources */,
				4712FD902A37215F00FD0B12 /* SceneDelegate.swift in Sources */,
				471006152A3B4BD600462C79 /* NetworkManager.swift in Sources */,
			);
			runOnlyForDeploymentPostprocessing = 0;
		};
/* End PBXSourcesBuildPhase section */

/* Begin PBXVariantGroup section */
		4712FD932A37215F00FD0B12 /* Main.storyboard */ = {
			isa = PBXVariantGroup;
			children = (
				4712FD942A37215F00FD0B12 /* Base */,
			);
			name = Main.storyboard;
			sourceTree = "<group>";
		};
		4712FD982A37216100FD0B12 /* LaunchScreen.storyboard */ = {
			isa = PBXVariantGroup;
			children = (
				4712FD992A37216100FD0B12 /* Base */,
			);
			name = LaunchScreen.storyboard;
			sourceTree = "<group>";
		};
/* End PBXVariantGroup section */

/* Begin XCBuildConfiguration section */
		4712FD9C2A37216100FD0B12 /* Debug */ = {
			isa = XCBuildConfiguration;
			buildSettings = {
				ALWAYS_SEARCH_USER_PATHS = NO;
				CLANG_ANALYZER_NONNULL = YES;
				CLANG_ANALYZER_NUMBER_OBJECT_CONVERSION = YES_AGGRESSIVE;
				CLANG_CXX_LANGUAGE_STANDARD = "gnu++20";
				CLANG_ENABLE_MODULES = YES;
				CLANG_ENABLE_OBJC_ARC = YES;
				CLANG_ENABLE_OBJC_WEAK = YES;
				CLANG_WARN_BLOCK_CAPTURE_AUTORELEASING = YES;
				CLANG_WARN_BOOL_CONVERSION = YES;
				CLANG_WARN_COMMA = YES;
				CLANG_WARN_CONSTANT_CONVERSION = YES;
				CLANG_WARN_DEPRECATED_OBJC_IMPLEMENTATIONS = YES;
				CLANG_WARN_DIRECT_OBJC_ISA_USAGE = YES_ERROR;
				CLANG_WARN_DOCUMENTATION_COMMENTS = YES;
				CLANG_WARN_EMPTY_BODY = YES;
				CLANG_WARN_ENUM_CONVERSION = YES;
				CLANG_WARN_INFINITE_RECURSION = YES;
				CLANG_WARN_INT_CONVERSION = YES;
				CLANG_WARN_NON_LITERAL_NULL_CONVERSION = YES;
				CLANG_WARN_OBJC_IMPLICIT_RETAIN_SELF = YES;
				CLANG_WARN_OBJC_LITERAL_CONVERSION = YES;
				CLANG_WARN_OBJC_ROOT_CLASS = YES_ERROR;
				CLANG_WARN_QUOTED_INCLUDE_IN_FRAMEWORK_HEADER = YES;
				CLANG_WARN_RANGE_LOOP_ANALYSIS = YES;
				CLANG_WARN_STRICT_PROTOTYPES = YES;
				CLANG_WARN_SUSPICIOUS_MOVE = YES;
				CLANG_WARN_UNGUARDED_AVAILABILITY = YES_AGGRESSIVE;
				CLANG_WARN_UNREACHABLE_CODE = YES;
				CLANG_WARN__DUPLICATE_METHOD_MATCH = YES;
				COPY_PHASE_STRIP = NO;
				DEBUG_INFORMATION_FORMAT = dwarf;
				ENABLE_STRICT_OBJC_MSGSEND = YES;
				ENABLE_TESTABILITY = YES;
				GCC_C_LANGUAGE_STANDARD = gnu11;
				GCC_DYNAMIC_NO_PIC = NO;
				GCC_NO_COMMON_BLOCKS = YES;
				GCC_OPTIMIZATION_LEVEL = 0;
				GCC_PREPROCESSOR_DEFINITIONS = (
					"DEBUG=1",
					"$(inherited)",
				);
				GCC_WARN_64_TO_32_BIT_CONVERSION = YES;
				GCC_WARN_ABOUT_RETURN_TYPE = YES_ERROR;
				GCC_WARN_UNDECLARED_SELECTOR = YES;
				GCC_WARN_UNINITIALIZED_AUTOS = YES_AGGRESSIVE;
				GCC_WARN_UNUSED_FUNCTION = YES;
				GCC_WARN_UNUSED_VARIABLE = YES;
				IPHONEOS_DEPLOYMENT_TARGET = 16.1;
				MTL_ENABLE_DEBUG_INFO = INCLUDE_SOURCE;
				MTL_FAST_MATH = YES;
				ONLY_ACTIVE_ARCH = YES;
				SDKROOT = iphoneos;
				SWIFT_ACTIVE_COMPILATION_CONDITIONS = DEBUG;
				SWIFT_OPTIMIZATION_LEVEL = "-Onone";
			};
			name = Debug;
		};
		4712FD9D2A37216100FD0B12 /* Release */ = {
			isa = XCBuildConfiguration;
			buildSettings = {
				ALWAYS_SEARCH_USER_PATHS = NO;
				CLANG_ANALYZER_NONNULL = YES;
				CLANG_ANALYZER_NUMBER_OBJECT_CONVERSION = YES_AGGRESSIVE;
				CLANG_CXX_LANGUAGE_STANDARD = "gnu++20";
				CLANG_ENABLE_MODULES = YES;
				CLANG_ENABLE_OBJC_ARC = YES;
				CLANG_ENABLE_OBJC_WEAK = YES;
				CLANG_WARN_BLOCK_CAPTURE_AUTORELEASING = YES;
				CLANG_WARN_BOOL_CONVERSION = YES;
				CLANG_WARN_COMMA = YES;
				CLANG_WARN_CONSTANT_CONVERSION = YES;
				CLANG_WARN_DEPRECATED_OBJC_IMPLEMENTATIONS = YES;
				CLANG_WARN_DIRECT_OBJC_ISA_USAGE = YES_ERROR;
				CLANG_WARN_DOCUMENTATION_COMMENTS = YES;
				CLANG_WARN_EMPTY_BODY = YES;
				CLANG_WARN_ENUM_CONVERSION = YES;
				CLANG_WARN_INFINITE_RECURSION = YES;
				CLANG_WARN_INT_CONVERSION = YES;
				CLANG_WARN_NON_LITERAL_NULL_CONVERSION = YES;
				CLANG_WARN_OBJC_IMPLICIT_RETAIN_SELF = YES;
				CLANG_WARN_OBJC_LITERAL_CONVERSION = YES;
				CLANG_WARN_OBJC_ROOT_CLASS = YES_ERROR;
				CLANG_WARN_QUOTED_INCLUDE_IN_FRAMEWORK_HEADER = YES;
				CLANG_WARN_RANGE_LOOP_ANALYSIS = YES;
				CLANG_WARN_STRICT_PROTOTYPES = YES;
				CLANG_WARN_SUSPICIOUS_MOVE = YES;
				CLANG_WARN_UNGUARDED_AVAILABILITY = YES_AGGRESSIVE;
				CLANG_WARN_UNREACHABLE_CODE = YES;
				CLANG_WARN__DUPLICATE_METHOD_MATCH = YES;
				COPY_PHASE_STRIP = NO;
				DEBUG_INFORMATION_FORMAT = "dwarf-with-dsym";
				ENABLE_NS_ASSERTIONS = NO;
				ENABLE_STRICT_OBJC_MSGSEND = YES;
				GCC_C_LANGUAGE_STANDARD = gnu11;
				GCC_NO_COMMON_BLOCKS = YES;
				GCC_WARN_64_TO_32_BIT_CONVERSION = YES;
				GCC_WARN_ABOUT_RETURN_TYPE = YES_ERROR;
				GCC_WARN_UNDECLARED_SELECTOR = YES;
				GCC_WARN_UNINITIALIZED_AUTOS = YES_AGGRESSIVE;
				GCC_WARN_UNUSED_FUNCTION = YES;
				GCC_WARN_UNUSED_VARIABLE = YES;
				IPHONEOS_DEPLOYMENT_TARGET = 16.1;
				MTL_ENABLE_DEBUG_INFO = NO;
				MTL_FAST_MATH = YES;
				SDKROOT = iphoneos;
				SWIFT_COMPILATION_MODE = wholemodule;
				SWIFT_OPTIMIZATION_LEVEL = "-O";
				VALIDATE_PRODUCT = YES;
			};
			name = Release;
		};
		4712FD9F2A37216100FD0B12 /* Debug */ = {
			isa = XCBuildConfiguration;
			buildSettings = {
				ASSETCATALOG_COMPILER_APPICON_NAME = AppIcon;
				ASSETCATALOG_COMPILER_GLOBAL_ACCENT_COLOR_NAME = AccentColor;
				CODE_SIGN_IDENTITY = "Apple Development";
				CODE_SIGN_STYLE = Automatic;
				CURRENT_PROJECT_VERSION = 1;
				DEVELOPMENT_TEAM = R6NVAVA4TF;
				GENERATE_INFOPLIST_FILE = YES;
				INFOPLIST_FILE = WaveOfMovies/Info.plist;
				INFOPLIST_KEY_UIApplicationSupportsIndirectInputEvents = YES;
				INFOPLIST_KEY_UILaunchStoryboardName = LaunchScreen;
				INFOPLIST_KEY_UIMainStoryboardFile = Main;
				INFOPLIST_KEY_UISupportedInterfaceOrientations = "UIInterfaceOrientationLandscapeLeft UIInterfaceOrientationLandscapeRight UIInterfaceOrientationPortrait";
				INFOPLIST_KEY_UISupportedInterfaceOrientations_iPad = "UIInterfaceOrientationLandscapeLeft UIInterfaceOrientationLandscapeRight UIInterfaceOrientationPortrait UIInterfaceOrientationPortraitUpsideDown";
				IPHONEOS_DEPLOYMENT_TARGET = 16.0;
				LD_RUNPATH_SEARCH_PATHS = (
					"$(inherited)",
					"@executable_path/Frameworks",
				);
				MARKETING_VERSION = 1.0;
				PRODUCT_BUNDLE_IDENTIFIER = Bohdan.WaveOfMovies;
				PRODUCT_NAME = "$(TARGET_NAME)";
				PROVISIONING_PROFILE_SPECIFIER = "";
				SUPPORTED_PLATFORMS = "iphoneos iphonesimulator";
				SUPPORTS_MACCATALYST = NO;
				SUPPORTS_MAC_DESIGNED_FOR_IPHONE_IPAD = NO;
				SWIFT_EMIT_LOC_STRINGS = YES;
				SWIFT_VERSION = 5.0;
				TARGETED_DEVICE_FAMILY = 1;
			};
			name = Debug;
		};
		4712FDA02A37216100FD0B12 /* Release */ = {
			isa = XCBuildConfiguration;
			buildSettings = {
				ASSETCATALOG_COMPILER_APPICON_NAME = AppIcon;
				ASSETCATALOG_COMPILER_GLOBAL_ACCENT_COLOR_NAME = AccentColor;
				CODE_SIGN_IDENTITY = "Apple Development";
				CODE_SIGN_STYLE = Automatic;
				CURRENT_PROJECT_VERSION = 1;
				DEVELOPMENT_TEAM = R6NVAVA4TF;
				GENERATE_INFOPLIST_FILE = YES;
				INFOPLIST_FILE = WaveOfMovies/Info.plist;
				INFOPLIST_KEY_UIApplicationSupportsIndirectInputEvents = YES;
				INFOPLIST_KEY_UILaunchStoryboardName = LaunchScreen;
				INFOPLIST_KEY_UIMainStoryboardFile = Main;
				INFOPLIST_KEY_UISupportedInterfaceOrientations = "UIInterfaceOrientationLandscapeLeft UIInterfaceOrientationLandscapeRight UIInterfaceOrientationPortrait";
				INFOPLIST_KEY_UISupportedInterfaceOrientations_iPad = "UIInterfaceOrientationLandscapeLeft UIInterfaceOrientationLandscapeRight UIInterfaceOrientationPortrait UIInterfaceOrientationPortraitUpsideDown";
				IPHONEOS_DEPLOYMENT_TARGET = 16.0;
				LD_RUNPATH_SEARCH_PATHS = (
					"$(inherited)",
					"@executable_path/Frameworks",
				);
				MARKETING_VERSION = 1.0;
				PRODUCT_BUNDLE_IDENTIFIER = Bohdan.WaveOfMovies;
				PRODUCT_NAME = "$(TARGET_NAME)";
				PROVISIONING_PROFILE_SPECIFIER = "";
				SUPPORTED_PLATFORMS = "iphoneos iphonesimulator";
				SUPPORTS_MACCATALYST = NO;
				SUPPORTS_MAC_DESIGNED_FOR_IPHONE_IPAD = NO;
				SWIFT_EMIT_LOC_STRINGS = YES;
				SWIFT_VERSION = 5.0;
				TARGETED_DEVICE_FAMILY = 1;
			};
			name = Release;
		};
/* End XCBuildConfiguration section */

/* Begin XCConfigurationList section */
		4712FD852A37215F00FD0B12 /* Build configuration list for PBXProject "WaveOfMovies" */ = {
			isa = XCConfigurationList;
			buildConfigurations = (
				4712FD9C2A37216100FD0B12 /* Debug */,
				4712FD9D2A37216100FD0B12 /* Release */,
			);
			defaultConfigurationIsVisible = 0;
			defaultConfigurationName = Release;
		};
		4712FD9E2A37216100FD0B12 /* Build configuration list for PBXNativeTarget "WaveOfMovies" */ = {
			isa = XCConfigurationList;
			buildConfigurations = (
				4712FD9F2A37216100FD0B12 /* Debug */,
				4712FDA02A37216100FD0B12 /* Release */,
			);
			defaultConfigurationIsVisible = 0;
			defaultConfigurationName = Release;
		};
/* End XCConfigurationList section */

/* Begin XCRemoteSwiftPackageReference section */
		47098CC52A4F0C6B00A2BDED /* XCRemoteSwiftPackageReference "youtube-ios-player-helper" */ = {
			isa = XCRemoteSwiftPackageReference;
			repositoryURL = "https://github.com/youtube/youtube-ios-player-helper.git";
			requirement = {
				branch = master;
				kind = branch;
			};
		};
/* End XCRemoteSwiftPackageReference section */

/* Begin XCSwiftPackageProductDependency section */
		47098CC62A4F0C6B00A2BDED /* YouTubeiOSPlayerHelper */ = {
			isa = XCSwiftPackageProductDependency;
			package = 47098CC52A4F0C6B00A2BDED /* XCRemoteSwiftPackageReference "youtube-ios-player-helper" */;
			productName = YouTubeiOSPlayerHelper;
		};
/* End XCSwiftPackageProductDependency section */
	};
	rootObject = 4712FD822A37215F00FD0B12 /* Project object */;
}
